{
  "nodes": {
    "home-manager": {
      "inputs": {
        "nixpkgs": [
          "nixpkgs"
        ]
      },
      "locked": {
        "lastModified": 1681852391,
        "narHash": "sha256-0wGjrFTmYyjS9jE6MdgjcOEKvWjFkKcRpOtSXso99JI=",
        "owner": "nix-community",
        "repo": "home-manager",
        "rev": "aa03c8a429902dbaf15b3395f8cefc5a4b83f7f7",
        "type": "github"
      },
      "original": {
        "owner": "nix-community",
        "repo": "home-manager",
        "type": "github"
      }
    },
    "mesa-git": {
      "flake": false,
      "locked": {
        "lastModified": 1681893586,
        "narHash": "sha256-w2XFiJADP95ISs2wXifpgO6knNx2I0c/9rjEVrdvffA=",
        "ref": "main",
        "rev": "fbe7aec446f177ca8e0910a157c63f1d4b1df7be",
        "revCount": 169987,
        "type": "git",
        "url": "https://gitlab.freedesktop.org/mesa/mesa"
      },
      "original": {
        "ref": "main",
        "type": "git",
        "url": "https://gitlab.freedesktop.org/mesa/mesa"
      }
    },
    "nixpkgs": {
      "locked": {
        "lastModified": 1681737997,
        "narHash": "sha256-pHhjgsIkRMu80LmVe8QoKIZB6VZGRRxFmIvsC5S89k4=",
        "owner": "nixos",
        "repo": "nixpkgs",
        "rev": "f00994e78cd39e6fc966f0c4103f908e63284780",
        "type": "github"
      },
      "original": {
        "owner": "nixos",
        "ref": "nixos-unstable",
        "repo": "nixpkgs",
        "type": "github"
      }
    },
    "nur": {
      "locked": {
        "lastModified": 1681896445,
        "narHash": "sha256-Xbqu5Cl9P1RRJCJaCqqR4+976yYmmD5lYOrecQm8StQ=",
        "owner": "nix-community",
        "repo": "NUR",
        "rev": "5030bb7652f5eb941877f2660e09770f2b939e86",
        "type": "github"
      },
      "original": {
        "owner": "nix-community",
        "repo": "NUR",
        "type": "github"
      }
    },
    "root": {
      "inputs": {
        "home-manager": "home-manager",
        "mesa-git": "mesa-git",
        "nixpkgs": "nixpkgs",
        "nur": "nur"
      }
    }
  },
  "root": "root",
  "version": 7
}
