{
  "nodes": {
    "mesa-git": {
      "flake": false,
      "locked": {
        "lastModified": 1660078970,
        "narHash": "sha256-iQn0XOOKfW8GTwTouEsDMDDPSkNDzzsnUHJtvS/6oKg=",
        "ref": "main",
        "rev": "47526556494f18cd2c02f978bccac7e2ba73adcd",
        "revCount": 157902,
        "type": "git",
        "url": "https://gitlab.freedesktop.org/mesa/mesa"
      },
      "original": {
        "ref": "main",
        "type": "git",
        "url": "https://gitlab.freedesktop.org/mesa/mesa"
      }
    },
    "nixpkgs": {
      "locked": {
        "lastModified": 1659981942,
        "narHash": "sha256-uCFiP/B/NXOWzhN6TKfMbSxtVMk1bVnCrnJRjCF6RmU=",
        "owner": "nixos",
        "repo": "nixpkgs",
        "rev": "39d7f929fbcb1446ad7aa7441b04fb30625a4190",
        "type": "github"
      },
      "original": {
        "owner": "nixos",
        "ref": "nixos-unstable",
        "repo": "nixpkgs",
        "type": "github"
      }
    },
    "root": {
      "inputs": {
        "mesa-git": "mesa-git",
        "nixpkgs": "nixpkgs"
      }
    }
  },
  "root": "root",
  "version": 7
}
