{
  "nodes": {
    "mesa-git": {
      "flake": false,
      "locked": {
        "lastModified": 1648929340,
        "narHash": "sha256-3JVh0SxLG39MO7RGOd0sb9D1aAArEAvV5InV2GgktY8=",
        "ref": "main",
        "rev": "e1de9b0de5ecc3877b1ab9bcb17f043272b91f8c",
        "revCount": 151866,
        "type": "git",
        "url": "https://gitlab.freedesktop.org/mesa/mesa"
      },
      "original": {
        "ref": "main",
        "type": "git",
        "url": "https://gitlab.freedesktop.org/mesa/mesa"
      }
    },
    "nixpkgs": {
      "locked": {
        "lastModified": 1651726670,
        "narHash": "sha256-dSGdzB49SEvdOJvrQWfQYkAefewXraHIV08Vz6iDXWQ=",
        "owner": "nixos",
        "repo": "nixpkgs",
        "rev": "c777cdf5c564015d5f63b09cc93bef4178b19b01",
        "type": "github"
      },
      "original": {
        "owner": "nixos",
        "ref": "nixos-unstable",
        "repo": "nixpkgs",
        "type": "github"
      }
    },
    "root": {
      "inputs": {
        "mesa-git": "mesa-git",
        "nixpkgs": "nixpkgs"
      }
    }
  },
  "root": "root",
  "version": 7
}
