{
  "nodes": {
    "mesa-git": {
      "flake": false,
      "locked": {
        "lastModified": 1663342989,
        "narHash": "sha256-oLIOyoBA5IGbDos9+ITYa+yFpxZPIse7XH35yzUZrDA=",
        "ref": "main",
        "rev": "10ddbf50bb69baf8b467579a04e99826ce686b20",
        "revCount": 159886,
        "type": "git",
        "url": "https://gitlab.freedesktop.org/mesa/mesa"
      },
      "original": {
        "ref": "main",
        "type": "git",
        "url": "https://gitlab.freedesktop.org/mesa/mesa"
      }
    },
    "nixpkgs": {
      "locked": {
        "lastModified": 1663178737,
        "narHash": "sha256-ayOtdyoNx6BqJtTYVzdQCDz/YWb67TY/CMGacFCgNQo=",
        "owner": "nixos",
        "repo": "nixpkgs",
        "rev": "1158501e7c7cba26d922723cf9f70099995eb755",
        "type": "github"
      },
      "original": {
        "owner": "nixos",
        "ref": "nixos-unstable",
        "repo": "nixpkgs",
        "type": "github"
      }
    },
    "root": {
      "inputs": {
        "mesa-git": "mesa-git",
        "nixpkgs": "nixpkgs"
      }
    }
  },
  "root": "root",
  "version": 7
}
