{
  "nodes": {
    "home-manager": {
      "inputs": {
        "nixpkgs": "nixpkgs"
      },
      "locked": {
        "lastModified": 1634939539,
        "narHash": "sha256-m+RC6it1doMjq5U5e1B36thzOOBc1GF4tVLK2SNMvzg=",
        "owner": "nix-community",
        "repo": "home-manager",
        "rev": "8278c14f5f8725e1b5936d6f54e63d4626aae98c",
        "type": "github"
      },
      "original": {
        "owner": "nix-community",
        "repo": "home-manager",
        "type": "github"
      }
    },
    "nixpkgs": {
      "locked": {
        "lastModified": 1635016912,
        "narHash": "sha256-L/4uUZ0a5fcBkCdH/wdcSd+9uaH/AQ8pgFxmIB4HJ+E=",
        "owner": "NixOS",
        "repo": "nixpkgs",
        "rev": "879a68d25d9a18367b927b738a377402058b8298",
        "type": "github"
      },
      "original": {
        "id": "nixpkgs",
        "type": "indirect"
      }
    },
    "nixpkgs_2": {
      "locked": {
        "lastModified": 1634782485,
        "narHash": "sha256-psfh4OQSokGXG0lpq3zKFbhOo3QfoeudRcaUnwMRkQo=",
        "owner": "nixos",
        "repo": "nixpkgs",
        "rev": "34ad3ffe08adfca17fcb4e4a47bb5f3b113687be",
        "type": "github"
      },
      "original": {
        "owner": "nixos",
        "ref": "nixos-unstable",
        "repo": "nixpkgs",
        "type": "github"
      }
    },
    "nur": {
      "locked": {
        "lastModified": 1635014406,
        "narHash": "sha256-TGKk1PsrmAAX4YaZo5Jn0w+0FOU8OZuN1NHFUIdfl+M=",
        "owner": "nix-community",
        "repo": "NUR",
        "rev": "12cb1dfdbe3abc66cd2c1e6882e8302370cd18be",
        "type": "github"
      },
      "original": {
        "owner": "nix-community",
        "repo": "NUR",
        "type": "github"
      }
    },
    "root": {
      "inputs": {
        "home-manager": "home-manager",
        "nixpkgs": "nixpkgs_2",
        "nur": "nur"
      }
    }
  },
  "root": "root",
  "version": 7
}
