{
  "nodes": {
    "home-manager": {
      "inputs": {
        "nixpkgs": "nixpkgs"
      },
      "locked": {
        "lastModified": 1636762692,
        "narHash": "sha256-t3NygvOfUXalLOCsD0crt41p2BmjdIuIxiX1FoATWuQ=",
        "owner": "nix-community",
        "repo": "home-manager",
        "rev": "520adafcb993bf382e9c3e20742c9b4f998330bf",
        "type": "github"
      },
      "original": {
        "owner": "nix-community",
        "repo": "home-manager",
        "type": "github"
      }
    },
    "nixpkgs": {
      "locked": {
        "lastModified": 1636623366,
        "narHash": "sha256-jOQMlv9qFSj0U66HB+ujZoapty0UbewmSNbX8+3ujUQ=",
        "owner": "nixos",
        "repo": "nixpkgs",
        "rev": "c5ed8beb478a8ca035f033f659b60c89500a3034",
        "type": "github"
      },
      "original": {
        "owner": "nixos",
        "ref": "nixos-unstable",
        "repo": "nixpkgs",
        "type": "github"
      }
    },
    "nur": {
      "locked": {
        "lastModified": 1636794213,
        "narHash": "sha256-csrXbXmECHT662+Wul8s3PVo1FMXQ+Peijx0G7zTM5A=",
        "owner": "nix-community",
        "repo": "NUR",
        "rev": "a879f61b4a720e708d9825a826c8c7a870085683",
        "type": "github"
      },
      "original": {
        "owner": "nix-community",
        "repo": "NUR",
        "type": "github"
      }
    },
    "root": {
      "inputs": {
        "home-manager": "home-manager",
        "nur": "nur"
      }
    }
  },
  "root": "root",
  "version": 7
}
